
Microsoft Visual Studio Solution File, Format Version 12.00
# Visual Studio Version 17
VisualStudioVersion = 17.12.35707.178 d17.12
MinimumVisualStudioVersion = 10.0.40219.1
Project("{2150E333-8FDC-42A3-9474-1A3956D46DE8}") = "src", "src", "{A97588BE-96FC-4C9E-888F-F495C08544C5}"
EndProject
Project("{2150E333-8FDC-42A3-9474-1A3956D46DE8}") = "tests", "tests", "{A1EC8E1A-35AB-4AF2-8CDF-D7C4E6EC7C3F}"
EndProject
Project("{2150E333-8FDC-42A3-9474-1A3956D46DE8}") = "Services", "Services", "{81CB5CE0-1D42-43DE-BAB4-57832435D195}"
EndProject
Project("{2150E333-8FDC-42A3-9474-1A3956D46DE8}") = "ApiGateway", "ApiGateway", "{570EE326-0DD7-4BE0-AE98-1C9F903DF8B6}"
EndProject
Project("{2150E333-8FDC-42A3-9474-1A3956D46DE8}") = "BuildingBlocks", "BuildingBlocks", "{E0B1BB6D-0468-4B04-84F0-5AEEAE6097D7}"
EndProject
Project("{FAE04EC0-301F-11D3-BF4B-00C04F79EFBC}") = "UserService", "src\Services\UserService\UserService.csproj", "{AF28F9FF-03DC-4FBD-99FE-8417736D0276}"
EndProject
Project("{FAE04EC0-301F-11D3-BF4B-00C04F79EFBC}") = "AccountService", "src\Services\AccountService\AccountService.csproj", "{DF49C812-D883-4769-BBE7-27ABED7F7190}"
EndProject
Project("{FAE04EC0-301F-11D3-BF4B-00C04F79EFBC}") = "TransactionService", "src\Services\TransactionService\TransactionService.csproj", "{CC0935A5-2738-4A9F-BF25-EDFB2EF47389}"
EndProject
Project("{FAE04EC0-301F-11D3-BF4B-00C04F79EFBC}") = "NotificationService", "src\Services\NotificationService\NotificationService.csproj", "{34E10ACD-9D95-4874-AB12-CD7DE5CF4850}"
EndProject
Project("{FAE04EC0-301F-11D3-BF4B-00C04F79EFBC}") = "ApiGateway", "src\ApiGateway\ApiGateway\ApiGateway.csproj", "{99E0357A-270A-425F-B403-F37B5C0903ED}"
EndProject
Project("{2150E333-8FDC-42A3-9474-1A3956D46DE8}") = "Common", "Common", "{6C9A5AC8-1F69-4E93-A774-011D69333768}"
EndProject
Project("{2150E333-8FDC-42A3-9474-1A3956D46DE8}") = "EventBus", "EventBus", "{9DDB76B3-FD1F-429B-8591-884AB3E5EB75}"
EndProject
Project("{FAE04EC0-301F-11D3-BF4B-00C04F79EFBC}") = "Common", "BuildingBlocks\Common\Common\Common.csproj", "{1F6EDB2A-F8BF-4C2F-B106-DBDA19DD9988}"
EndProject
Project("{FAE04EC0-301F-11D3-BF4B-00C04F79EFBC}") = "EventBus", "src\BuildingBlocks\EventBus\EventBus\EventBus.csproj", "{63EA350A-132B-4907-8511-C0AB4C85821D}"
EndProject
Global
	GlobalSection(SolutionConfigurationPlatforms) = preSolution
		Debug|Any CPU = Debug|Any CPU
		Release|Any CPU = Release|Any CPU
	EndGlobalSection
	GlobalSection(ProjectConfigurationPlatforms) = postSolution
		{AF28F9FF-03DC-4FBD-99FE-8417736D0276}.Debug|Any CPU.ActiveCfg = Debug|Any CPU
		{AF28F9FF-03DC-4FBD-99FE-8417736D0276}.Debug|Any CPU.Build.0 = Debug|Any CPU
		{AF28F9FF-03DC-4FBD-99FE-8417736D0276}.Release|Any CPU.ActiveCfg = Release|Any CPU
		{AF28F9FF-03DC-4FBD-99FE-8417736D0276}.Release|Any CPU.Build.0 = Release|Any CPU
		{DF49C812-D883-4769-BBE7-27ABED7F7190}.Debug|Any CPU.ActiveCfg = Debug|Any CPU
		{DF49C812-D883-4769-BBE7-27ABED7F7190}.Debug|Any CPU.Build.0 = Debug|Any CPU
		{DF49C812-D883-4769-BBE7-27ABED7F7190}.Release|Any CPU.ActiveCfg = Release|Any CPU
		{DF49C812-D883-4769-BBE7-27ABED7F7190}.Release|Any CPU.Build.0 = Release|Any CPU
		{CC0935A5-2738-4A9F-BF25-EDFB2EF47389}.Debug|Any CPU.ActiveCfg = Debug|Any CPU
		{CC0935A5-2738-4A9F-BF25-EDFB2EF47389}.Debug|Any CPU.Build.0 = Debug|Any CPU
		{CC0935A5-2738-4A9F-BF25-EDFB2EF47389}.Release|Any CPU.ActiveCfg = Release|Any CPU
		{CC0935A5-2738-4A9F-BF25-EDFB2EF47389}.Release|Any CPU.Build.0 = Release|Any CPU
		{34E10ACD-9D95-4874-AB12-CD7DE5CF4850}.Debug|Any CPU.ActiveCfg = Debug|Any CPU
		{34E10ACD-9D95-4874-AB12-CD7DE5CF4850}.Debug|Any CPU.Build.0 = Debug|Any CPU
		{34E10ACD-9D95-4874-AB12-CD7DE5CF4850}.Release|Any CPU.ActiveCfg = Release|Any CPU
		{34E10ACD-9D95-4874-AB12-CD7DE5CF4850}.Release|Any CPU.Build.0 = Release|Any CPU
		{99E0357A-270A-425F-B403-F37B5C0903ED}.Debug|Any CPU.ActiveCfg = Debug|Any CPU
		{99E0357A-270A-425F-B403-F37B5C0903ED}.Debug|Any CPU.Build.0 = Debug|Any CPU
		{99E0357A-270A-425F-B403-F37B5C0903ED}.Release|Any CPU.ActiveCfg = Release|Any CPU
		{99E0357A-270A-425F-B403-F37B5C0903ED}.Release|Any CPU.Build.0 = Release|Any CPU
		{1F6EDB2A-F8BF-4C2F-B106-DBDA19DD9988}.Debug|Any CPU.ActiveCfg = Debug|Any CPU
		{1F6EDB2A-F8BF-4C2F-B106-DBDA19DD9988}.Debug|Any CPU.Build.0 = Debug|Any CPU
		{1F6EDB2A-F8BF-4C2F-B106-DBDA19DD9988}.Release|Any CPU.ActiveCfg = Release|Any CPU
		{1F6EDB2A-F8BF-4C2F-B106-DBDA19DD9988}.Release|Any CPU.Build.0 = Release|Any CPU
		{63EA350A-132B-4907-8511-C0AB4C85821D}.Debug|Any CPU.ActiveCfg = Debug|Any CPU
		{63EA350A-132B-4907-8511-C0AB4C85821D}.Debug|Any CPU.Build.0 = Debug|Any CPU
		{63EA350A-132B-4907-8511-C0AB4C85821D}.Release|Any CPU.ActiveCfg = Release|Any CPU
		{63EA350A-132B-4907-8511-C0AB4C85821D}.Release|Any CPU.Build.0 = Release|Any CPU
	EndGlobalSection
	GlobalSection(SolutionProperties) = preSolution
		HideSolutionNode = FALSE
	EndGlobalSection
	GlobalSection(NestedProjects) = preSolution
		{81CB5CE0-1D42-43DE-BAB4-57832435D195} = {A97588BE-96FC-4C9E-888F-F495C08544C5}
		{570EE326-0DD7-4BE0-AE98-1C9F903DF8B6} = {A97588BE-96FC-4C9E-888F-F495C08544C5}
		{E0B1BB6D-0468-4B04-84F0-5AEEAE6097D7} = {A97588BE-96FC-4C9E-888F-F495C08544C5}
		{AF28F9FF-03DC-4FBD-99FE-8417736D0276} = {81CB5CE0-1D42-43DE-BAB4-57832435D195}
		{DF49C812-D883-4769-BBE7-27ABED7F7190} = {81CB5CE0-1D42-43DE-BAB4-57832435D195}
		{CC0935A5-2738-4A9F-BF25-EDFB2EF47389} = {81CB5CE0-1D42-43DE-BAB4-57832435D195}
		{34E10ACD-9D95-4874-AB12-CD7DE5CF4850} = {81CB5CE0-1D42-43DE-BAB4-57832435D195}
		{99E0357A-270A-425F-B403-F37B5C0903ED} = {570EE326-0DD7-4BE0-AE98-1C9F903DF8B6}
		{6C9A5AC8-1F69-4E93-A774-011D69333768} = {E0B1BB6D-0468-4B04-84F0-5AEEAE6097D7}
		{9DDB76B3-FD1F-429B-8591-884AB3E5EB75} = {E0B1BB6D-0468-4B04-84F0-5AEEAE6097D7}
		{1F6EDB2A-F8BF-4C2F-B106-DBDA19DD9988} = {6C9A5AC8-1F69-4E93-A774-011D69333768}
		{63EA350A-132B-4907-8511-C0AB4C85821D} = {9DDB76B3-FD1F-429B-8591-884AB3E5EB75}
	EndGlobalSection
EndGlobal
